// !$*UTF8*$!
{
	archiveVersion = 1;
	classes = {
	};
	objectVersion = 50;
	objects = {

/* Begin PBXBuildFile section */
		EC25190B23FD549E009C8E93 /* UIView+Ext.swift in Sources */ = {isa = PBXBuildFile; fileRef = EC25190A23FD549E009C8E93 /* UIView+Ext.swift */; };
		EC38355623E4699500762FE6 /* CollectionViewCell.swift in Sources */ = {isa = PBXBuildFile; fileRef = EC38355523E4699500762FE6 /* CollectionViewCell.swift */; };
		EC38357823E75F9C00762FE6 /* FSFavorite.swift in Sources */ = {isa = PBXBuildFile; fileRef = EC38357723E75F9C00762FE6 /* FSFavorite.swift */; };
		EC38357A23E75FFD00762FE6 /* FSCollection.swift in Sources */ = {isa = PBXBuildFile; fileRef = EC38357923E75FFD00762FE6 /* FSCollection.swift */; };
		EC38357C23E761DA00762FE6 /* CollectionPersistenceHelper.swift in Sources */ = {isa = PBXBuildFile; fileRef = EC38357B23E761DA00762FE6 /* CollectionPersistenceHelper.swift */; };
		EC38357E23E7622D00762FE6 /* PersistenceHelper.swift in Sources */ = {isa = PBXBuildFile; fileRef = EC38357D23E7622D00762FE6 /* PersistenceHelper.swift */; };
		EC413738237B400B0069C5F5 /* Secrets.swift in Sources */ = {isa = PBXBuildFile; fileRef = EC413737237B400B0069C5F5 /* Secrets.swift */; };
		EC41373A237B40720069C5F5 /* NetworkManager.swift in Sources */ = {isa = PBXBuildFile; fileRef = EC413739237B40720069C5F5 /* NetworkManager.swift */; };
		EC41373D237B412F0069C5F5 /* AppError.swift in Sources */ = {isa = PBXBuildFile; fileRef = EC41373C237B412F0069C5F5 /* AppError.swift */; };
		EC41373F237B42B60069C5F5 /* VenueAPIHelper.swift in Sources */ = {isa = PBXBuildFile; fileRef = EC41373E237B42B60069C5F5 /* VenueAPIHelper.swift */; };
		EC413743237B8B330069C5F5 /* ListVC.swift in Sources */ = {isa = PBXBuildFile; fileRef = EC413742237B8B330069C5F5 /* ListVC.swift */; };
		EC413745237B908E0069C5F5 /* ListViewCell.swift in Sources */ = {isa = PBXBuildFile; fileRef = EC413744237B908E0069C5F5 /* ListViewCell.swift */; };
		EC413747237C844E0069C5F5 /* ImageHelper.swift in Sources */ = {isa = PBXBuildFile; fileRef = EC413746237C844E0069C5F5 /* ImageHelper.swift */; };
		EC413749237C861B0069C5F5 /* ImageAPIClient.swift in Sources */ = {isa = PBXBuildFile; fileRef = EC413748237C861B0069C5F5 /* ImageAPIClient.swift */; };
		EC41374B237C86BE0069C5F5 /* VenuePhoto.swift in Sources */ = {isa = PBXBuildFile; fileRef = EC41374A237C86BE0069C5F5 /* VenuePhoto.swift */; };
		EC8077332379F539003B6134 /* Venue.swift in Sources */ = {isa = PBXBuildFile; fileRef = EC8077322379F539003B6134 /* Venue.swift */; };
		ECC05EB8237373A10015315A /* AppDelegate.swift in Sources */ = {isa = PBXBuildFile; fileRef = ECC05EB7237373A10015315A /* AppDelegate.swift */; };
		ECC05EBA237373A10015315A /* SceneDelegate.swift in Sources */ = {isa = PBXBuildFile; fileRef = ECC05EB9237373A10015315A /* SceneDelegate.swift */; };
		ECC05EC1237373A20015315A /* Assets.xcassets in Resources */ = {isa = PBXBuildFile; fileRef = ECC05EC0237373A20015315A /* Assets.xcassets */; };
		ECC05EC4237373A20015315A /* LaunchScreen.storyboard in Resources */ = {isa = PBXBuildFile; fileRef = ECC05EC2237373A20015315A /* LaunchScreen.storyboard */; };
		ECC05ECF237373A20015315A /* iOS_FoursquareMap_ProjectTests.swift in Sources */ = {isa = PBXBuildFile; fileRef = ECC05ECE237373A20015315A /* iOS_FoursquareMap_ProjectTests.swift */; };
		ECC05EDA237377980015315A /* SearchVC.swift in Sources */ = {isa = PBXBuildFile; fileRef = ECC05ED9237377980015315A /* SearchVC.swift */; };
		ECC05EDC237377B80015315A /* CollectionsVC.swift in Sources */ = {isa = PBXBuildFile; fileRef = ECC05EDB237377B80015315A /* CollectionsVC.swift */; };
		ECEEFE4A23FD9DD80089FE3D /* VenueDetailVC.swift in Sources */ = {isa = PBXBuildFile; fileRef = ECEEFE4923FD9DD80089FE3D /* VenueDetailVC.swift */; };
		ECEEFE4C23FDB93E0089FE3D /* FSTabBarController.swift in Sources */ = {isa = PBXBuildFile; fileRef = ECEEFE4B23FDB93E0089FE3D /* FSTabBarController.swift */; };
		ECEEFE4E23FDC1EA0089FE3D /* CreateAddToCollectionVCViewController.swift in Sources */ = {isa = PBXBuildFile; fileRef = ECEEFE4D23FDC1EA0089FE3D /* CreateAddToCollectionVCViewController.swift */; };
		ECEEFE5023FDC5CC0089FE3D /* DisplayCollectionCell.swift in Sources */ = {isa = PBXBuildFile; fileRef = ECEEFE4F23FDC5CC0089FE3D /* DisplayCollectionCell.swift */; };
		ECEEFE5223FE05480089FE3D /* CollectionListVC.swift in Sources */ = {isa = PBXBuildFile; fileRef = ECEEFE5123FE05470089FE3D /* CollectionListVC.swift */; };
/* End PBXBuildFile section */

/* Begin PBXContainerItemProxy section */
		ECC05ECB237373A20015315A /* PBXContainerItemProxy */ = {
			isa = PBXContainerItemProxy;
			containerPortal = ECC05EAC237373A10015315A /* Project object */;
			proxyType = 1;
			remoteGlobalIDString = ECC05EB3237373A10015315A;
			remoteInfo = iOS_FoursquareMap_Project;
		};
/* End PBXContainerItemProxy section */

/* Begin PBXFileReference section */
		EC25190A23FD549E009C8E93 /* UIView+Ext.swift */ = {isa = PBXFileReference; lastKnownFileType = sourcecode.swift; path = "UIView+Ext.swift"; sourceTree = "<group>"; };
		EC38355523E4699500762FE6 /* CollectionViewCell.swift */ = {isa = PBXFileReference; lastKnownFileType = sourcecode.swift; path = CollectionViewCell.swift; sourceTree = "<group>"; };
		EC38357723E75F9C00762FE6 /* FSFavorite.swift */ = {isa = PBXFileReference; lastKnownFileType = sourcecode.swift; path = FSFavorite.swift; sourceTree = "<group>"; };
		EC38357923E75FFD00762FE6 /* FSCollection.swift */ = {isa = PBXFileReference; lastKnownFileType = sourcecode.swift; path = FSCollection.swift; sourceTree = "<group>"; };
		EC38357B23E761DA00762FE6 /* CollectionPersistenceHelper.swift */ = {isa = PBXFileReference; lastKnownFileType = sourcecode.swift; path = CollectionPersistenceHelper.swift; sourceTree = "<group>"; };
		EC38357D23E7622D00762FE6 /* PersistenceHelper.swift */ = {isa = PBXFileReference; lastKnownFileType = sourcecode.swift; path = PersistenceHelper.swift; sourceTree = "<group>"; };
		EC413737237B400B0069C5F5 /* Secrets.swift */ = {isa = PBXFileReference; lastKnownFileType = sourcecode.swift; name = Secrets.swift; path = ../Secrets.swift; sourceTree = "<group>"; };
		EC413739237B40720069C5F5 /* NetworkManager.swift */ = {isa = PBXFileReference; lastKnownFileType = sourcecode.swift; path = NetworkManager.swift; sourceTree = "<group>"; };
		EC41373C237B412F0069C5F5 /* AppError.swift */ = {isa = PBXFileReference; lastKnownFileType = sourcecode.swift; path = AppError.swift; sourceTree = "<group>"; };
		EC41373E237B42B60069C5F5 /* VenueAPIHelper.swift */ = {isa = PBXFileReference; lastKnownFileType = sourcecode.swift; path = VenueAPIHelper.swift; sourceTree = "<group>"; };
		EC413742237B8B330069C5F5 /* ListVC.swift */ = {isa = PBXFileReference; lastKnownFileType = sourcecode.swift; path = ListVC.swift; sourceTree = "<group>"; };
		EC413744237B908E0069C5F5 /* ListViewCell.swift */ = {isa = PBXFileReference; lastKnownFileType = sourcecode.swift; path = ListViewCell.swift; sourceTree = "<group>"; };
		EC413746237C844E0069C5F5 /* ImageHelper.swift */ = {isa = PBXFileReference; lastKnownFileType = sourcecode.swift; path = ImageHelper.swift; sourceTree = "<group>"; };
		EC413748237C861B0069C5F5 /* ImageAPIClient.swift */ = {isa = PBXFileReference; lastKnownFileType = sourcecode.swift; path = ImageAPIClient.swift; sourceTree = "<group>"; };
		EC41374A237C86BE0069C5F5 /* VenuePhoto.swift */ = {isa = PBXFileReference; lastKnownFileType = sourcecode.swift; path = VenuePhoto.swift; sourceTree = "<group>"; };
		EC8077322379F539003B6134 /* Venue.swift */ = {isa = PBXFileReference; lastKnownFileType = sourcecode.swift; path = Venue.swift; sourceTree = "<group>"; };
		ECC05EB4237373A10015315A /* iOS_FoursquareMap_Project.app */ = {isa = PBXFileReference; explicitFileType = wrapper.application; includeInIndex = 0; path = iOS_FoursquareMap_Project.app; sourceTree = BUILT_PRODUCTS_DIR; };
		ECC05EB7237373A10015315A /* AppDelegate.swift */ = {isa = PBXFileReference; lastKnownFileType = sourcecode.swift; path = AppDelegate.swift; sourceTree = "<group>"; };
		ECC05EB9237373A10015315A /* SceneDelegate.swift */ = {isa = PBXFileReference; lastKnownFileType = sourcecode.swift; path = SceneDelegate.swift; sourceTree = "<group>"; };
		ECC05EC0237373A20015315A /* Assets.xcassets */ = {isa = PBXFileReference; lastKnownFileType = folder.assetcatalog; path = Assets.xcassets; sourceTree = "<group>"; };
		ECC05EC3237373A20015315A /* Base */ = {isa = PBXFileReference; lastKnownFileType = file.storyboard; name = Base; path = Base.lproj/LaunchScreen.storyboard; sourceTree = "<group>"; };
		ECC05EC5237373A20015315A /* Info.plist */ = {isa = PBXFileReference; lastKnownFileType = text.plist.xml; path = Info.plist; sourceTree = "<group>"; };
		ECC05ECA237373A20015315A /* iOS_FoursquareMap_ProjectTests.xctest */ = {isa = PBXFileReference; explicitFileType = wrapper.cfbundle; includeInIndex = 0; path = iOS_FoursquareMap_ProjectTests.xctest; sourceTree = BUILT_PRODUCTS_DIR; };
		ECC05ECE237373A20015315A /* iOS_FoursquareMap_ProjectTests.swift */ = {isa = PBXFileReference; lastKnownFileType = sourcecode.swift; path = iOS_FoursquareMap_ProjectTests.swift; sourceTree = "<group>"; };
		ECC05ED0237373A20015315A /* Info.plist */ = {isa = PBXFileReference; lastKnownFileType = text.plist.xml; path = Info.plist; sourceTree = "<group>"; };
		ECC05ED9237377980015315A /* SearchVC.swift */ = {isa = PBXFileReference; lastKnownFileType = sourcecode.swift; path = SearchVC.swift; sourceTree = "<group>"; };
		ECC05EDB237377B80015315A /* CollectionsVC.swift */ = {isa = PBXFileReference; lastKnownFileType = sourcecode.swift; path = CollectionsVC.swift; sourceTree = "<group>"; };
		ECEEFE4923FD9DD80089FE3D /* VenueDetailVC.swift */ = {isa = PBXFileReference; lastKnownFileType = sourcecode.swift; path = VenueDetailVC.swift; sourceTree = "<group>"; };
		ECEEFE4B23FDB93E0089FE3D /* FSTabBarController.swift */ = {isa = PBXFileReference; lastKnownFileType = sourcecode.swift; name = FSTabBarController.swift; path = iOS_FoursquareMap_Project/Controllers/FSTabBarController.swift; sourceTree = SOURCE_ROOT; };
		ECEEFE4D23FDC1EA0089FE3D /* CreateAddToCollectionVCViewController.swift */ = {isa = PBXFileReference; lastKnownFileType = sourcecode.swift; path = CreateAddToCollectionVCViewController.swift; sourceTree = "<group>"; };
		ECEEFE4F23FDC5CC0089FE3D /* DisplayCollectionCell.swift */ = {isa = PBXFileReference; lastKnownFileType = sourcecode.swift; path = DisplayCollectionCell.swift; sourceTree = "<group>"; };
		ECEEFE5123FE05470089FE3D /* CollectionListVC.swift */ = {isa = PBXFileReference; lastKnownFileType = sourcecode.swift; path = CollectionListVC.swift; sourceTree = "<group>"; };
/* End PBXFileReference section */

/* Begin PBXFrameworksBuildPhase section */
		ECC05EB1237373A10015315A /* Frameworks */ = {
			isa = PBXFrameworksBuildPhase;
			buildActionMask = 2147483647;
			files = (
			);
			runOnlyForDeploymentPostprocessing = 0;
		};
		ECC05EC7237373A20015315A /* Frameworks */ = {
			isa = PBXFrameworksBuildPhase;
			buildActionMask = 2147483647;
			files = (
			);
			runOnlyForDeploymentPostprocessing = 0;
		};
/* End PBXFrameworksBuildPhase section */

/* Begin PBXGroup section */
		EC25190923FD5487009C8E93 /* Extensions */ = {
			isa = PBXGroup;
			children = (
				EC25190A23FD549E009C8E93 /* UIView+Ext.swift */,
			);
			path = Extensions;
			sourceTree = "<group>";
		};
		EC25190C23FD55A7009C8E93 /* Supports */ = {
			isa = PBXGroup;
			children = (
				ECC05EB9237373A10015315A /* SceneDelegate.swift */,
				ECC05EB7237373A10015315A /* AppDelegate.swift */,
				ECC05EC2237373A20015315A /* LaunchScreen.storyboard */,
				ECC05EC0237373A20015315A /* Assets.xcassets */,
				EC413737237B400B0069C5F5 /* Secrets.swift */,
			);
			path = Supports;
			sourceTree = "<group>";
		};
		EC38355423E468C800762FE6 /* Views */ = {
			isa = PBXGroup;
			children = (
				EC413744237B908E0069C5F5 /* ListViewCell.swift */,
				EC38355523E4699500762FE6 /* CollectionViewCell.swift */,
				ECEEFE4F23FDC5CC0089FE3D /* DisplayCollectionCell.swift */,
			);
			path = Views;
			sourceTree = "<group>";
		};
		EC41373B237B41220069C5F5 /* Networking */ = {
			isa = PBXGroup;
			children = (
				EC413739237B40720069C5F5 /* NetworkManager.swift */,
				EC41373E237B42B60069C5F5 /* VenueAPIHelper.swift */,
				EC413748237C861B0069C5F5 /* ImageAPIClient.swift */,
				EC413746237C844E0069C5F5 /* ImageHelper.swift */,
				EC41373C237B412F0069C5F5 /* AppError.swift */,
				EC38357B23E761DA00762FE6 /* CollectionPersistenceHelper.swift */,
				EC38357D23E7622D00762FE6 /* PersistenceHelper.swift */,
			);
			path = Networking;
			sourceTree = "<group>";
		};
		EC8077342379F53D003B6134 /* Models */ = {
			isa = PBXGroup;
			children = (
				EC8077322379F539003B6134 /* Venue.swift */,
				EC38357723E75F9C00762FE6 /* FSFavorite.swift */,
				EC38357923E75FFD00762FE6 /* FSCollection.swift */,
				EC41374A237C86BE0069C5F5 /* VenuePhoto.swift */,
			);
			path = Models;
			sourceTree = "<group>";
		};
		ECC05EAB237373A10015315A = {
			isa = PBXGroup;
			children = (
				ECC05EB6237373A10015315A /* iOS_FoursquareMap_Project */,
				ECC05ECD237373A20015315A /* iOS_FoursquareMap_ProjectTests */,
				ECC05EB5237373A10015315A /* Products */,
			);
			sourceTree = "<group>";
		};
		ECC05EB5237373A10015315A /* Products */ = {
			isa = PBXGroup;
			children = (
				ECC05EB4237373A10015315A /* iOS_FoursquareMap_Project.app */,
				ECC05ECA237373A20015315A /* iOS_FoursquareMap_ProjectTests.xctest */,
			);
			name = Products;
			sourceTree = "<group>";
		};
		ECC05EB6237373A10015315A /* iOS_FoursquareMap_Project */ = {
			isa = PBXGroup;
			children = (
				EC25190C23FD55A7009C8E93 /* Supports */,
				EC41373B237B41220069C5F5 /* Networking */,
				EC8077342379F53D003B6134 /* Models */,
				ECC05EDD237377C90015315A /* Controllers */,
				EC38355423E468C800762FE6 /* Views */,
				EC25190923FD5487009C8E93 /* Extensions */,
				ECC05EC5237373A20015315A /* Info.plist */,
			);
			path = iOS_FoursquareMap_Project;
			sourceTree = "<group>";
		};
		ECC05ECD237373A20015315A /* iOS_FoursquareMap_ProjectTests */ = {
			isa = PBXGroup;
			children = (
				ECC05ECE237373A20015315A /* iOS_FoursquareMap_ProjectTests.swift */,
				ECC05ED0237373A20015315A /* Info.plist */,
			);
			path = iOS_FoursquareMap_ProjectTests;
			sourceTree = "<group>";
		};
		ECC05EDD237377C90015315A /* Controllers */ = {
			isa = PBXGroup;
			children = (
				ECC05ED9237377980015315A /* SearchVC.swift */,
				ECC05EDB237377B80015315A /* CollectionsVC.swift */,
				ECEEFE4D23FDC1EA0089FE3D /* CreateAddToCollectionVCViewController.swift */,
				ECEEFE4923FD9DD80089FE3D /* VenueDetailVC.swift */,
				EC413742237B8B330069C5F5 /* ListVC.swift */,
				ECEEFE5123FE05470089FE3D /* CollectionListVC.swift */,
				ECEEFE4B23FDB93E0089FE3D /* FSTabBarController.swift */,
			);
			path = Controllers;
			sourceTree = "<group>";
		};
/* End PBXGroup section */

/* Begin PBXNativeTarget section */
		ECC05EB3237373A10015315A /* iOS_FoursquareMap_Project */ = {
			isa = PBXNativeTarget;
			buildConfigurationList = ECC05ED3237373A20015315A /* Build configuration list for PBXNativeTarget "iOS_FoursquareMap_Project" */;
			buildPhases = (
				ECC05EB0237373A10015315A /* Sources */,
				ECC05EB1237373A10015315A /* Frameworks */,
				ECC05EB2237373A10015315A /* Resources */,
			);
			buildRules = (
			);
			dependencies = (
			);
			name = iOS_FoursquareMap_Project;
			productName = iOS_FoursquareMap_Project;
			productReference = ECC05EB4237373A10015315A /* iOS_FoursquareMap_Project.app */;
			productType = "com.apple.product-type.application";
		};
		ECC05EC9237373A20015315A /* iOS_FoursquareMap_ProjectTests */ = {
			isa = PBXNativeTarget;
			buildConfigurationList = ECC05ED6237373A20015315A /* Build configuration list for PBXNativeTarget "iOS_FoursquareMap_ProjectTests" */;
			buildPhases = (
				ECC05EC6237373A20015315A /* Sources */,
				ECC05EC7237373A20015315A /* Frameworks */,
				ECC05EC8237373A20015315A /* Resources */,
			);
			buildRules = (
			);
			dependencies = (
				ECC05ECC237373A20015315A /* PBXTargetDependency */,
			);
			name = iOS_FoursquareMap_ProjectTests;
			productName = iOS_FoursquareMap_ProjectTests;
			productReference = ECC05ECA237373A20015315A /* iOS_FoursquareMap_ProjectTests.xctest */;
			productType = "com.apple.product-type.bundle.unit-test";
		};
/* End PBXNativeTarget section */

/* Begin PBXProject section */
		ECC05EAC237373A10015315A /* Project object */ = {
			isa = PBXProject;
			attributes = {
				LastSwiftUpdateCheck = 1100;
				LastUpgradeCheck = 1100;
				ORGANIZATIONNAME = aglegaspi;
				TargetAttributes = {
					ECC05EB3237373A10015315A = {
						CreatedOnToolsVersion = 11.0;
					};
					ECC05EC9237373A20015315A = {
						CreatedOnToolsVersion = 11.0;
						TestTargetID = ECC05EB3237373A10015315A;
					};
				};
			};
			buildConfigurationList = ECC05EAF237373A10015315A /* Build configuration list for PBXProject "iOS_FoursquareMap_Project" */;
			compatibilityVersion = "Xcode 9.3";
			developmentRegion = en;
			hasScannedForEncodings = 0;
			knownRegions = (
				en,
				Base,
			);
			mainGroup = ECC05EAB237373A10015315A;
			productRefGroup = ECC05EB5237373A10015315A /* Products */;
			projectDirPath = "";
			projectRoot = "";
			targets = (
				ECC05EB3237373A10015315A /* iOS_FoursquareMap_Project */,
				ECC05EC9237373A20015315A /* iOS_FoursquareMap_ProjectTests */,
			);
		};
/* End PBXProject section */

/* Begin PBXResourcesBuildPhase section */
		ECC05EB2237373A10015315A /* Resources */ = {
			isa = PBXResourcesBuildPhase;
			buildActionMask = 2147483647;
			files = (
				ECC05EC4237373A20015315A /* LaunchScreen.storyboard in Resources */,
				ECC05EC1237373A20015315A /* Assets.xcassets in Resources */,
			);
			runOnlyForDeploymentPostprocessing = 0;
		};
		ECC05EC8237373A20015315A /* Resources */ = {
			isa = PBXResourcesBuildPhase;
			buildActionMask = 2147483647;
			files = (
			);
			runOnlyForDeploymentPostprocessing = 0;
		};
/* End PBXResourcesBuildPhase section */

/* Begin PBXSourcesBuildPhase section */
		ECC05EB0237373A10015315A /* Sources */ = {
			isa = PBXSourcesBuildPhase;
			buildActionMask = 2147483647;
			files = (
				ECEEFE5023FDC5CC0089FE3D /* DisplayCollectionCell.swift in Sources */,
				EC413745237B908E0069C5F5 /* ListViewCell.swift in Sources */,
				EC41373F237B42B60069C5F5 /* VenueAPIHelper.swift in Sources */,
				ECC05EDA237377980015315A /* SearchVC.swift in Sources */,
				EC413738237B400B0069C5F5 /* Secrets.swift in Sources */,
				EC8077332379F539003B6134 /* Venue.swift in Sources */,
				EC38357C23E761DA00762FE6 /* CollectionPersistenceHelper.swift in Sources */,
				EC38355623E4699500762FE6 /* CollectionViewCell.swift in Sources */,
				EC41373A237B40720069C5F5 /* NetworkManager.swift in Sources */,
				ECEEFE4C23FDB93E0089FE3D /* FSTabBarController.swift in Sources */,
				ECEEFE4A23FD9DD80089FE3D /* VenueDetailVC.swift in Sources */,
				EC38357A23E75FFD00762FE6 /* FSCollection.swift in Sources */,
				EC41373D237B412F0069C5F5 /* AppError.swift in Sources */,
				EC41374B237C86BE0069C5F5 /* VenuePhoto.swift in Sources */,
				EC413743237B8B330069C5F5 /* ListVC.swift in Sources */,
				EC25190B23FD549E009C8E93 /* UIView+Ext.swift in Sources */,
				EC38357E23E7622D00762FE6 /* PersistenceHelper.swift in Sources */,
				EC413749237C861B0069C5F5 /* ImageAPIClient.swift in Sources */,
				ECEEFE4E23FDC1EA0089FE3D /* CreateAddToCollectionVCViewController.swift in Sources */,
				ECC05EB8237373A10015315A /* AppDelegate.swift in Sources */,
				ECC05EDC237377B80015315A /* CollectionsVC.swift in Sources */,
				EC38357823E75F9C00762FE6 /* FSFavorite.swift in Sources */,
				ECEEFE5223FE05480089FE3D /* CollectionListVC.swift in Sources */,
				ECC05EBA237373A10015315A /* SceneDelegate.swift in Sources */,
				EC413747237C844E0069C5F5 /* ImageHelper.swift in Sources */,
			);
			runOnlyForDeploymentPostprocessing = 0;
		};
		ECC05EC6237373A20015315A /* Sources */ = {
			isa = PBXSourcesBuildPhase;
			buildActionMask = 2147483647;
			files = (
				ECC05ECF237373A20015315A /* iOS_FoursquareMap_ProjectTests.swift in Sources */,
			);
			runOnlyForDeploymentPostprocessing = 0;
		};
/* End PBXSourcesBuildPhase section */

/* Begin PBXTargetDependency section */
		ECC05ECC237373A20015315A /* PBXTargetDependency */ = {
			isa = PBXTargetDependency;
			target = ECC05EB3237373A10015315A /* iOS_FoursquareMap_Project */;
			targetProxy = ECC05ECB237373A20015315A /* PBXContainerItemProxy */;
		};
/* End PBXTargetDependency section */

/* Begin PBXVariantGroup section */
		ECC05EC2237373A20015315A /* LaunchScreen.storyboard */ = {
			isa = PBXVariantGroup;
			children = (
				ECC05EC3237373A20015315A /* Base */,
			);
			name = LaunchScreen.storyboard;
			sourceTree = "<group>";
		};
/* End PBXVariantGroup section */

/* Begin XCBuildConfiguration section */
		ECC05ED1237373A20015315A /* Debug */ = {
			isa = XCBuildConfiguration;
			buildSettings = {
				ALWAYS_SEARCH_USER_PATHS = NO;
				CLANG_ANALYZER_NONNULL = YES;
				CLANG_ANALYZER_NUMBER_OBJECT_CONVERSION = YES_AGGRESSIVE;
				CLANG_CXX_LANGUAGE_STANDARD = "gnu++14";
				CLANG_CXX_LIBRARY = "libc++";
				CLANG_ENABLE_MODULES = YES;
				CLANG_ENABLE_OBJC_ARC = YES;
				CLANG_ENABLE_OBJC_WEAK = YES;
				CLANG_WARN_BLOCK_CAPTURE_AUTORELEASING = YES;
				CLANG_WARN_BOOL_CONVERSION = YES;
				CLANG_WARN_COMMA = YES;
				CLANG_WARN_CONSTANT_CONVERSION = YES;
				CLANG_WARN_DEPRECATED_OBJC_IMPLEMENTATIONS = YES;
				CLANG_WARN_DIRECT_OBJC_ISA_USAGE = YES_ERROR;
				CLANG_WARN_DOCUMENTATION_COMMENTS = YES;
				CLANG_WARN_EMPTY_BODY = YES;
				CLANG_WARN_ENUM_CONVERSION = YES;
				CLANG_WARN_INFINITE_RECURSION = YES;
				CLANG_WARN_INT_CONVERSION = YES;
				CLANG_WARN_NON_LITERAL_NULL_CONVERSION = YES;
				CLANG_WARN_OBJC_IMPLICIT_RETAIN_SELF = YES;
				CLANG_WARN_OBJC_LITERAL_CONVERSION = YES;
				CLANG_WARN_OBJC_ROOT_CLASS = YES_ERROR;
				CLANG_WARN_RANGE_LOOP_ANALYSIS = YES;
				CLANG_WARN_STRICT_PROTOTYPES = YES;
				CLANG_WARN_SUSPICIOUS_MOVE = YES;
				CLANG_WARN_UNGUARDED_AVAILABILITY = YES_AGGRESSIVE;
				CLANG_WARN_UNREACHABLE_CODE = YES;
				CLANG_WARN__DUPLICATE_METHOD_MATCH = YES;
				COPY_PHASE_STRIP = NO;
				DEBUG_INFORMATION_FORMAT = dwarf;
				ENABLE_STRICT_OBJC_MSGSEND = YES;
				ENABLE_TESTABILITY = YES;
				GCC_C_LANGUAGE_STANDARD = gnu11;
				GCC_DYNAMIC_NO_PIC = NO;
				GCC_NO_COMMON_BLOCKS = YES;
				GCC_OPTIMIZATION_LEVEL = 0;
				GCC_PREPROCESSOR_DEFINITIONS = (
					"DEBUG=1",
					"$(inherited)",
				);
				GCC_WARN_64_TO_32_BIT_CONVERSION = YES;
				GCC_WARN_ABOUT_RETURN_TYPE = YES_ERROR;
				GCC_WARN_UNDECLARED_SELECTOR = YES;
				GCC_WARN_UNINITIALIZED_AUTOS = YES_AGGRESSIVE;
				GCC_WARN_UNUSED_FUNCTION = YES;
				GCC_WARN_UNUSED_VARIABLE = YES;
				IPHONEOS_DEPLOYMENT_TARGET = 13.0;
				MTL_ENABLE_DEBUG_INFO = INCLUDE_SOURCE;
				MTL_FAST_MATH = YES;
				ONLY_ACTIVE_ARCH = YES;
				SDKROOT = iphoneos;
				SWIFT_ACTIVE_COMPILATION_CONDITIONS = DEBUG;
				SWIFT_OPTIMIZATION_LEVEL = "-Onone";
			};
			name = Debug;
		};
		ECC05ED2237373A20015315A /* Release */ = {
			isa = XCBuildConfiguration;
			buildSettings = {
				ALWAYS_SEARCH_USER_PATHS = NO;
				CLANG_ANALYZER_NONNULL = YES;
				CLANG_ANALYZER_NUMBER_OBJECT_CONVERSION = YES_AGGRESSIVE;
				CLANG_CXX_LANGUAGE_STANDARD = "gnu++14";
				CLANG_CXX_LIBRARY = "libc++";
				CLANG_ENABLE_MODULES = YES;
				CLANG_ENABLE_OBJC_ARC = YES;
				CLANG_ENABLE_OBJC_WEAK = YES;
				CLANG_WARN_BLOCK_CAPTURE_AUTORELEASING = YES;
				CLANG_WARN_BOOL_CONVERSION = YES;
				CLANG_WARN_COMMA = YES;
				CLANG_WARN_CONSTANT_CONVERSION = YES;
				CLANG_WARN_DEPRECATED_OBJC_IMPLEMENTATIONS = YES;
				CLANG_WARN_DIRECT_OBJC_ISA_USAGE = YES_ERROR;
				CLANG_WARN_DOCUMENTATION_COMMENTS = YES;
				CLANG_WARN_EMPTY_BODY = YES;
				CLANG_WARN_ENUM_CONVERSION = YES;
				CLANG_WARN_INFINITE_RECURSION = YES;
				CLANG_WARN_INT_CONVERSION = YES;
				CLANG_WARN_NON_LITERAL_NULL_CONVERSION = YES;
				CLANG_WARN_OBJC_IMPLICIT_RETAIN_SELF = YES;
				CLANG_WARN_OBJC_LITERAL_CONVERSION = YES;
				CLANG_WARN_OBJC_ROOT_CLASS = YES_ERROR;
				CLANG_WARN_RANGE_LOOP_ANALYSIS = YES;
				CLANG_WARN_STRICT_PROTOTYPES = YES;
				CLANG_WARN_SUSPICIOUS_MOVE = YES;
				CLANG_WARN_UNGUARDED_AVAILABILITY = YES_AGGRESSIVE;
				CLANG_WARN_UNREACHABLE_CODE = YES;
				CLANG_WARN__DUPLICATE_METHOD_MATCH = YES;
				COPY_PHASE_STRIP = NO;
				DEBUG_INFORMATION_FORMAT = "dwarf-with-dsym";
				ENABLE_NS_ASSERTIONS = NO;
				ENABLE_STRICT_OBJC_MSGSEND = YES;
				GCC_C_LANGUAGE_STANDARD = gnu11;
				GCC_NO_COMMON_BLOCKS = YES;
				GCC_WARN_64_TO_32_BIT_CONVERSION = YES;
				GCC_WARN_ABOUT_RETURN_TYPE = YES_ERROR;
				GCC_WARN_UNDECLARED_SELECTOR = YES;
				GCC_WARN_UNINITIALIZED_AUTOS = YES_AGGRESSIVE;
				GCC_WARN_UNUSED_FUNCTION = YES;
				GCC_WARN_UNUSED_VARIABLE = YES;
				IPHONEOS_DEPLOYMENT_TARGET = 13.0;
				MTL_ENABLE_DEBUG_INFO = NO;
				MTL_FAST_MATH = YES;
				SDKROOT = iphoneos;
				SWIFT_COMPILATION_MODE = wholemodule;
				SWIFT_OPTIMIZATION_LEVEL = "-O";
				VALIDATE_PRODUCT = YES;
			};
			name = Release;
		};
		ECC05ED4237373A20015315A /* Debug */ = {
			isa = XCBuildConfiguration;
			buildSettings = {
				ASSETCATALOG_COMPILER_APPICON_NAME = AppIcon;
				CODE_SIGN_STYLE = Automatic;
				DEVELOPMENT_TEAM = 7QAYF98LA4;
				INFOPLIST_FILE = iOS_FoursquareMap_Project/Info.plist;
				LD_RUNPATH_SEARCH_PATHS = (
					"$(inherited)",
					"@executable_path/Frameworks",
				);
				PRODUCT_BUNDLE_IDENTIFIER = "aglegaspi.iOS-FoursquareMap-Project";
				PRODUCT_NAME = "$(TARGET_NAME)";
				SWIFT_VERSION = 5.0;
				TARGETED_DEVICE_FAMILY = "1,2";
			};
			name = Debug;
		};
		ECC05ED5237373A20015315A /* Release */ = {
			isa = XCBuildConfiguration;
			buildSettings = {
				ASSETCATALOG_COMPILER_APPICON_NAME = AppIcon;
				CODE_SIGN_STYLE = Automatic;
				DEVELOPMENT_TEAM = 7QAYF98LA4;
				INFOPLIST_FILE = iOS_FoursquareMap_Project/Info.plist;
				LD_RUNPATH_SEARCH_PATHS = (
					"$(inherited)",
					"@executable_path/Frameworks",
				);
				PRODUCT_BUNDLE_IDENTIFIER = "aglegaspi.iOS-FoursquareMap-Project";
				PRODUCT_NAME = "$(TARGET_NAME)";
				SWIFT_VERSION = 5.0;
				TARGETED_DEVICE_FAMILY = "1,2";
			};
			name = Release;
		};
		ECC05ED7237373A20015315A /* Debug */ = {
			isa = XCBuildConfiguration;
			buildSettings = {
				ALWAYS_EMBED_SWIFT_STANDARD_LIBRARIES = YES;
				BUNDLE_LOADER = "$(TEST_HOST)";
				CODE_SIGN_STYLE = Automatic;
				DEVELOPMENT_TEAM = 7QAYF98LA4;
				INFOPLIST_FILE = iOS_FoursquareMap_ProjectTests/Info.plist;
				IPHONEOS_DEPLOYMENT_TARGET = 13.0;
				LD_RUNPATH_SEARCH_PATHS = (
					"$(inherited)",
					"@executable_path/Frameworks",
					"@loader_path/Frameworks",
				);
				PRODUCT_BUNDLE_IDENTIFIER = "aglegaspi.iOS-FoursquareMap-ProjectTests";
				PRODUCT_NAME = "$(TARGET_NAME)";
				SWIFT_VERSION = 5.0;
				TARGETED_DEVICE_FAMILY = "1,2";
				TEST_HOST = "$(BUILT_PRODUCTS_DIR)/iOS_FoursquareMap_Project.app/iOS_FoursquareMap_Project";
			};
			name = Debug;
		};
		ECC05ED8237373A20015315A /* Release */ = {
			isa = XCBuildConfiguration;
			buildSettings = {
				ALWAYS_EMBED_SWIFT_STANDARD_LIBRARIES = YES;
				BUNDLE_LOADER = "$(TEST_HOST)";
				CODE_SIGN_STYLE = Automatic;
				DEVELOPMENT_TEAM = 7QAYF98LA4;
				INFOPLIST_FILE = iOS_FoursquareMap_ProjectTests/Info.plist;
				IPHONEOS_DEPLOYMENT_TARGET = 13.0;
				LD_RUNPATH_SEARCH_PATHS = (
					"$(inherited)",
					"@executable_path/Frameworks",
					"@loader_path/Frameworks",
				);
				PRODUCT_BUNDLE_IDENTIFIER = "aglegaspi.iOS-FoursquareMap-ProjectTests";
				PRODUCT_NAME = "$(TARGET_NAME)";
				SWIFT_VERSION = 5.0;
				TARGETED_DEVICE_FAMILY = "1,2";
				TEST_HOST = "$(BUILT_PRODUCTS_DIR)/iOS_FoursquareMap_Project.app/iOS_FoursquareMap_Project";
			};
			name = Release;
		};
/* End XCBuildConfiguration section */

/* Begin XCConfigurationList section */
		ECC05EAF237373A10015315A /* Build configuration list for PBXProject "iOS_FoursquareMap_Project" */ = {
			isa = XCConfigurationList;
			buildConfigurations = (
				ECC05ED1237373A20015315A /* Debug */,
				ECC05ED2237373A20015315A /* Release */,
			);
			defaultConfigurationIsVisible = 0;
			defaultConfigurationName = Release;
		};
		ECC05ED3237373A20015315A /* Build configuration list for PBXNativeTarget "iOS_FoursquareMap_Project" */ = {
			isa = XCConfigurationList;
			buildConfigurations = (
				ECC05ED4237373A20015315A /* Debug */,
				ECC05ED5237373A20015315A /* Release */,
			);
			defaultConfigurationIsVisible = 0;
			defaultConfigurationName = Release;
		};
		ECC05ED6237373A20015315A /* Build configuration list for PBXNativeTarget "iOS_FoursquareMap_ProjectTests" */ = {
			isa = XCConfigurationList;
			buildConfigurations = (
				ECC05ED7237373A20015315A /* Debug */,
				ECC05ED8237373A20015315A /* Release */,
			);
			defaultConfigurationIsVisible = 0;
			defaultConfigurationName = Release;
		};
/* End XCConfigurationList section */
	};
	rootObject = ECC05EAC237373A10015315A /* Project object */;
}
